
Microsoft Visual Studio Solution File, Format Version 12.00
# Visual Studio Version 17
VisualStudioVersion = 17.7.34221.43
MinimumVisualStudioVersion = 10.0.40219.1
Project("{9A19103F-16F7-4668-BE54-9A1E7A4F7556}") = "WebAppSimpleToDo", "WebAppSimpleToDo\WebAppSimpleToDo.csproj", "{0CDC05EB-15A9-4E16-A148-FDB14B5493FF}"
EndProject
Project("{FAE04EC0-301F-11D3-BF4B-00C04F79EFBC}") = "WebAppSimpleToDoMinimalApi2", "WebAppSimpleToDoMinimalApi2\WebAppSimpleToDoMinimalApi2.csproj", "{BCDC5EFC-6A18-4E07-A8F3-336F303EB679}"
EndProject
Project("{FAE04EC0-301F-11D3-BF4B-00C04F79EFBC}") = "DbContextToDo", "DbContextToDo\DbContextToDo.csproj", "{61ABAEB1-51A3-4C53-965D-51030514BD5D}"
EndProject
Global
	GlobalSection(SolutionConfigurationPlatforms) = preSolution
		Debug|Any CPU = Debug|Any CPU
		Release|Any CPU = Release|Any CPU
	EndGlobalSection
	GlobalSection(ProjectConfigurationPlatforms) = postSolution
		{0CDC05EB-15A9-4E16-A148-FDB14B5493FF}.Debug|Any CPU.ActiveCfg = Debug|Any CPU
		{0CDC05EB-15A9-4E16-A148-FDB14B5493FF}.Debug|Any CPU.Build.0 = Debug|Any CPU
		{0CDC05EB-15A9-4E16-A148-FDB14B5493FF}.Release|Any CPU.ActiveCfg = Release|Any CPU
		{0CDC05EB-15A9-4E16-A148-FDB14B5493FF}.Release|Any CPU.Build.0 = Release|Any CPU
		{BCDC5EFC-6A18-4E07-A8F3-336F303EB679}.Debug|Any CPU.ActiveCfg = Debug|Any CPU
		{BCDC5EFC-6A18-4E07-A8F3-336F303EB679}.Debug|Any CPU.Build.0 = Debug|Any CPU
		{BCDC5EFC-6A18-4E07-A8F3-336F303EB679}.Release|Any CPU.ActiveCfg = Release|Any CPU
		{BCDC5EFC-6A18-4E07-A8F3-336F303EB679}.Release|Any CPU.Build.0 = Release|Any CPU
		{61ABAEB1-51A3-4C53-965D-51030514BD5D}.Debug|Any CPU.ActiveCfg = Debug|Any CPU
		{61ABAEB1-51A3-4C53-965D-51030514BD5D}.Debug|Any CPU.Build.0 = Debug|Any CPU
		{61ABAEB1-51A3-4C53-965D-51030514BD5D}.Release|Any CPU.ActiveCfg = Release|Any CPU
		{61ABAEB1-51A3-4C53-965D-51030514BD5D}.Release|Any CPU.Build.0 = Release|Any CPU
	EndGlobalSection
	GlobalSection(SolutionProperties) = preSolution
		HideSolutionNode = FALSE
	EndGlobalSection
	GlobalSection(ExtensibilityGlobals) = postSolution
		SolutionGuid = {73EACBF2-3377-49B5-A83C-360BD79B6DBE}
	EndGlobalSection
EndGlobal
